
Microsoft Visual Studio Solution File, Format Version 12.00
# Visual Studio Version 17
VisualStudioVersion = 17.7.34031.279
MinimumVisualStudioVersion = 10.0.40219.1
Project("{FAE04EC0-301F-11D3-BF4B-00C04F79EFBC}") = "Bolum2-Uygulama3", "Bolum2-Uygulama3\Bolum2-Uygulama3.csproj", "{2066BE3E-0514-4AB3-9F92-279D58BEB5DC}"
EndProject
Global
	GlobalSection(SolutionConfigurationPlatforms) = preSolution
		Debug|Any CPU = Debug|Any CPU
		Release|Any CPU = Release|Any CPU
	EndGlobalSection
	GlobalSection(ProjectConfigurationPlatforms) = postSolution
		{2066BE3E-0514-4AB3-9F92-279D58BEB5DC}.Debug|Any CPU.ActiveCfg = Debug|Any CPU
		{2066BE3E-0514-4AB3-9F92-279D58BEB5DC}.Debug|Any CPU.Build.0 = Debug|Any CPU
		{2066BE3E-0514-4AB3-9F92-279D58BEB5DC}.Release|Any CPU.ActiveCfg = Release|Any CPU
		{2066BE3E-0514-4AB3-9F92-279D58BEB5DC}.Release|Any CPU.Build.0 = Release|Any CPU
	EndGlobalSection
	GlobalSection(SolutionProperties) = preSolution
		HideSolutionNode = FALSE
	EndGlobalSection
	GlobalSection(ExtensibilityGlobals) = postSolution
		SolutionGuid = {A4A4FA8C-F6A6-44F3-AB73-6DD698597967}
	EndGlobalSection
EndGlobal
