
Microsoft Visual Studio Solution File, Format Version 12.00
# Visual Studio Version 17
VisualStudioVersion = 17.7.34031.279
MinimumVisualStudioVersion = 10.0.40219.1
Project("{FAE04EC0-301F-11D3-BF4B-00C04F79EFBC}") = "Bolum2-Uygulama25", "Bolum2-Uygulama25\Bolum2-Uygulama25.csproj", "{1160BA7C-70FC-498D-8884-2FD2448CF77E}"
EndProject
Global
	GlobalSection(SolutionConfigurationPlatforms) = preSolution
		Debug|Any CPU = Debug|Any CPU
		Release|Any CPU = Release|Any CPU
	EndGlobalSection
	GlobalSection(ProjectConfigurationPlatforms) = postSolution
		{1160BA7C-70FC-498D-8884-2FD2448CF77E}.Debug|Any CPU.ActiveCfg = Debug|Any CPU
		{1160BA7C-70FC-498D-8884-2FD2448CF77E}.Debug|Any CPU.Build.0 = Debug|Any CPU
		{1160BA7C-70FC-498D-8884-2FD2448CF77E}.Release|Any CPU.ActiveCfg = Release|Any CPU
		{1160BA7C-70FC-498D-8884-2FD2448CF77E}.Release|Any CPU.Build.0 = Release|Any CPU
	EndGlobalSection
	GlobalSection(SolutionProperties) = preSolution
		HideSolutionNode = FALSE
	EndGlobalSection
	GlobalSection(ExtensibilityGlobals) = postSolution
		SolutionGuid = {7EC7E0A6-51A7-4ABB-87C4-5AD03AA642D1}
	EndGlobalSection
EndGlobal
