
Microsoft Visual Studio Solution File, Format Version 12.00
# Visual Studio Version 17
VisualStudioVersion = 17.7.34031.279
MinimumVisualStudioVersion = 10.0.40219.1
Project("{FAE04EC0-301F-11D3-BF4B-00C04F79EFBC}") = "Bolum2-Uygulama14", "Bolum2-Uygulama14\Bolum2-Uygulama14.csproj", "{57A21A77-83F0-44B3-AEDC-9639E4A0FEAB}"
EndProject
Global
	GlobalSection(SolutionConfigurationPlatforms) = preSolution
		Debug|Any CPU = Debug|Any CPU
		Release|Any CPU = Release|Any CPU
	EndGlobalSection
	GlobalSection(ProjectConfigurationPlatforms) = postSolution
		{57A21A77-83F0-44B3-AEDC-9639E4A0FEAB}.Debug|Any CPU.ActiveCfg = Debug|Any CPU
		{57A21A77-83F0-44B3-AEDC-9639E4A0FEAB}.Debug|Any CPU.Build.0 = Debug|Any CPU
		{57A21A77-83F0-44B3-AEDC-9639E4A0FEAB}.Release|Any CPU.ActiveCfg = Release|Any CPU
		{57A21A77-83F0-44B3-AEDC-9639E4A0FEAB}.Release|Any CPU.Build.0 = Release|Any CPU
	EndGlobalSection
	GlobalSection(SolutionProperties) = preSolution
		HideSolutionNode = FALSE
	EndGlobalSection
	GlobalSection(ExtensibilityGlobals) = postSolution
		SolutionGuid = {53DE32A7-8C93-4E8D-9E92-B8B57B6D7CEF}
	EndGlobalSection
EndGlobal
